<?xml version="1.0" encoding="utf-8"?>
<Project ToolsVersion="4.0" xmlns="http://schemas.microsoft.com/developer/msbuild/2003">
  <ItemGroup>
    <Filter Include="ソース ファイル">
      <UniqueIdentifier>{4FC737F1-C7A5-4376-A066-2A32D752A2FF}</UniqueIdentifier>
      <Extensions>cpp;c;cc;cxx;def;odl;idl;hpj;bat;asm;asmx</Extensions>
    </Filter>
    <Filter Include="ヘッダー ファイル">
      <UniqueIdentifier>{93995380-89BD-4b04-88EB-625FBE52EBFB}</UniqueIdentifier>
      <Extensions>h;hh;hpp;hxx;hm;inl;inc;xsd</Extensions>
    </Filter>
    <Filter Include="リソース ファイル">
      <UniqueIdentifier>{67DA6AB6-F800-4c08-8B7A-83BB121AAD01}</UniqueIdentifier>
      <Extensions>rc;ico;cur;bmp;dlg;rc2;rct;bin;rgs;gif;jpg;jpeg;jpe;resx;tiff;tif;png;wav;mfcribbon-ms</Extensions>
    </Filter>
    <Filter Include="ソース ファイル\xml">
      <UniqueIdentifier>{3e0ab7e9-0f1c-4415-929b-3889305efe4a}</UniqueIdentifier>
    </Filter>
    <Filter Include="ヘッダー ファイル\xml">
      <UniqueIdentifier>{394ff586-47c7-4c03-a659-e4a817c3eced}</UniqueIdentifier>
    </Filter>
    <Filter Include="ソース ファイル\score">
      <UniqueIdentifier>{264afb00-1ed1-47c5-a4c1-b245dbd8a811}</UniqueIdentifier>
    </Filter>
    <Filter Include="ヘッダー ファイル\score">
      <UniqueIdentifier>{d542fdfe-92dd-4ace-b33a-f16c500089a8}</UniqueIdentifier>
    </Filter>
    <Filter Include="ヘッダー ファイル\score\chord">
      <UniqueIdentifier>{05c9e3a5-9986-449e-87b4-470d7f8ddd02}</UniqueIdentifier>
    </Filter>
    <Filter Include="ヘッダー ファイル\score\scale">
      <UniqueIdentifier>{35fee140-7fb4-4a0d-8552-c3b92b53de79}</UniqueIdentifier>
    </Filter>
    <Filter Include="ソース ファイル\score\scale">
      <UniqueIdentifier>{835f4f3a-f664-4cf4-be2c-4f33397a696f}</UniqueIdentifier>
    </Filter>
    <Filter Include="ソース ファイル\score\chord">
      <UniqueIdentifier>{b301b8a7-a908-4a11-9eec-04e189b3329f}</UniqueIdentifier>
    </Filter>
  </ItemGroup>
  <ItemGroup>
    <ClInclude Include="xml\tinyxml2.h">
      <Filter>ヘッダー ファイル\xml</Filter>
    </ClInclude>
    <ClInclude Include="include\ScoreReader.hpp">
      <Filter>ヘッダー ファイル\score</Filter>
    </ClInclude>
    <ClInclude Include="include\ChordConstruction.hpp">
      <Filter>ヘッダー ファイル\score\chord</Filter>
    </ClInclude>
    <ClInclude Include="include\Chord.hpp">
      <Filter>ヘッダー ファイル\score\chord</Filter>
    </ClInclude>
    <ClInclude Include="include\ChordFactory.hpp">
      <Filter>ヘッダー ファイル\score\chord</Filter>
    </ClInclude>
    <ClInclude Include="include\Scale.hpp">
      <Filter>ヘッダー ファイル\score\scale</Filter>
    </ClInclude>
    <ClInclude Include="include\ModeTheory.hpp">
      <Filter>ヘッダー ファイル\score\scale</Filter>
    </ClInclude>
    <ClInclude Include="include\ScaleTheory.hpp">
      <Filter>ヘッダー ファイル\score\scale</Filter>
    </ClInclude>
    <ClInclude Include="include\Modal.hpp">
      <Filter>ヘッダー ファイル\score\scale</Filter>
    </ClInclude>
  </ItemGroup>
  <ItemGroup>
    <ClCompile Include="main.cpp">
      <Filter>ソース ファイル</Filter>
    </ClCompile>
    <ClCompile Include="xml\tinyxml2.cpp">
      <Filter>ソース ファイル\xml</Filter>
    </ClCompile>
    <ClCompile Include="src\ChordConstructions.cpp">
      <Filter>ソース ファイル\score\chord</Filter>
    </ClCompile>
    <ClCompile Include="src\ChordFactory.cpp">
      <Filter>ソース ファイル\score\chord</Filter>
    </ClCompile>
    <ClCompile Include="src\ScaleTheory.cpp">
      <Filter>ソース ファイル\score\scale</Filter>
    </ClCompile>
    <ClCompile Include="src\Modal.cpp">
      <Filter>ソース ファイル\score\scale</Filter>
    </ClCompile>
    <ClCompile Include="src\ModeTheory.cpp">
      <Filter>ソース ファイル\score\scale</Filter>
    </ClCompile>
  </ItemGroup>
</Project>